<?xml version="1.0" encoding="utf-8"?>
<Project ToolsVersion="16.0" xmlns="http://schemas.microsoft.com/developer/msbuild/2003">
  <ItemGroup>
    <CustomBuild Include="C:\Users\slim2\OneDrive\Desktop\Projects\boardgame\build\windows\x64\CMakeFiles\23977156d2b906f129e0c9072abecf5b\INSTALL_force.rule">
      <Filter>CMake Rules</Filter>
    </CustomBuild>
  </ItemGroup>
  <ItemGroup>
    <Filter Include="CMake Rules">
      <UniqueIdentifier>{B05E478F-43A8-3E96-A173-A83C1EED8E59}</UniqueIdentifier>
    </Filter>
  </ItemGroup>
</Project>
