
Microsoft Visual Studio Solution File, Format Version 12.00
# Visual Studio Version 16
Project("{8BC9CEB8-8B4A-11D0-8D11-00A0C91BC942}") = "ALL_BUILD", "ALL_BUILD.vcxproj", "{CD868919-285C-332C-A5D3-76AD35BA074E}"
	ProjectSection(ProjectDependencies) = postProject
		{C53C4B65-74A2-34D4-A0ED-0B50AC1C2F5E} = {C53C4B65-74A2-34D4-A0ED-0B50AC1C2F5E}
		{776C6D31-62A2-321E-9C8C-23A2D463CE16} = {776C6D31-62A2-321E-9C8C-23A2D463CE16}
	EndProjectSection
EndProject
Project("{8BC9CEB8-8B4A-11D0-8D11-00A0C91BC942}") = "INSTALL", "INSTALL.vcxproj", "{D5A28932-DF4D-3B35-B56E-B5F68DC2EB5D}"
	ProjectSection(ProjectDependencies) = postProject
		{CD868919-285C-332C-A5D3-76AD35BA074E} = {CD868919-285C-332C-A5D3-76AD35BA074E}
		{C53C4B65-74A2-34D4-A0ED-0B50AC1C2F5E} = {C53C4B65-74A2-34D4-A0ED-0B50AC1C2F5E}
	EndProjectSection
EndProject
Project("{8BC9CEB8-8B4A-11D0-8D11-00A0C91BC942}") = "ZERO_CHECK", "..\\ZERO_CHECK.vcxproj", "{C53C4B65-74A2-34D4-A0ED-0B50AC1C2F5E}"
	ProjectSection(ProjectDependencies) = postProject
	EndProjectSection
EndProject
Project("{8BC9CEB8-8B4A-11D0-8D11-00A0C91BC942}") = "boardgame", "boardgame.vcxproj", "{776C6D31-62A2-321E-9C8C-23A2D463CE16}"
	ProjectSection(ProjectDependencies) = postProject
		{C53C4B65-74A2-34D4-A0ED-0B50AC1C2F5E} = {C53C4B65-74A2-34D4-A0ED-0B50AC1C2F5E}
		{6D38DA44-7492-3F21-BC5E-ED8270195251} = {6D38DA44-7492-3F21-BC5E-ED8270195251}
		{DA5F0851-4A23-36F2-91C8-6DF08E826826} = {DA5F0851-4A23-36F2-91C8-6DF08E826826}
	EndProjectSection
EndProject
Project("{8BC9CEB8-8B4A-11D0-8D11-00A0C91BC942}") = "flutter_assemble", "..\flutter\flutter_assemble.vcxproj", "{6D38DA44-7492-3F21-BC5E-ED8270195251}"
	ProjectSection(ProjectDependencies) = postProject
		{C53C4B65-74A2-34D4-A0ED-0B50AC1C2F5E} = {C53C4B65-74A2-34D4-A0ED-0B50AC1C2F5E}
	EndProjectSection
EndProject
Project("{8BC9CEB8-8B4A-11D0-8D11-00A0C91BC942}") = "flutter_wrapper_app", "..\flutter\flutter_wrapper_app.vcxproj", "{DA5F0851-4A23-36F2-91C8-6DF08E826826}"
	ProjectSection(ProjectDependencies) = postProject
		{C53C4B65-74A2-34D4-A0ED-0B50AC1C2F5E} = {C53C4B65-74A2-34D4-A0ED-0B50AC1C2F5E}
		{6D38DA44-7492-3F21-BC5E-ED8270195251} = {6D38DA44-7492-3F21-BC5E-ED8270195251}
	EndProjectSection
EndProject
Global
	GlobalSection(SolutionConfigurationPlatforms) = preSolution
		Debug|x64 = Debug|x64
		Profile|x64 = Profile|x64
		Release|x64 = Release|x64
	EndGlobalSection
	GlobalSection(ProjectConfigurationPlatforms) = postSolution
		{CD868919-285C-332C-A5D3-76AD35BA074E}.Debug|x64.ActiveCfg = Debug|x64
		{CD868919-285C-332C-A5D3-76AD35BA074E}.Debug|x64.Build.0 = Debug|x64
		{CD868919-285C-332C-A5D3-76AD35BA074E}.Profile|x64.ActiveCfg = Profile|x64
		{CD868919-285C-332C-A5D3-76AD35BA074E}.Profile|x64.Build.0 = Profile|x64
		{CD868919-285C-332C-A5D3-76AD35BA074E}.Release|x64.ActiveCfg = Release|x64
		{CD868919-285C-332C-A5D3-76AD35BA074E}.Release|x64.Build.0 = Release|x64
		{D5A28932-DF4D-3B35-B56E-B5F68DC2EB5D}.Debug|x64.ActiveCfg = Debug|x64
		{D5A28932-DF4D-3B35-B56E-B5F68DC2EB5D}.Profile|x64.ActiveCfg = Profile|x64
		{D5A28932-DF4D-3B35-B56E-B5F68DC2EB5D}.Release|x64.ActiveCfg = Release|x64
		{C53C4B65-74A2-34D4-A0ED-0B50AC1C2F5E}.Debug|x64.ActiveCfg = Debug|x64
		{C53C4B65-74A2-34D4-A0ED-0B50AC1C2F5E}.Debug|x64.Build.0 = Debug|x64
		{C53C4B65-74A2-34D4-A0ED-0B50AC1C2F5E}.Profile|x64.ActiveCfg = Profile|x64
		{C53C4B65-74A2-34D4-A0ED-0B50AC1C2F5E}.Profile|x64.Build.0 = Profile|x64
		{C53C4B65-74A2-34D4-A0ED-0B50AC1C2F5E}.Release|x64.ActiveCfg = Release|x64
		{C53C4B65-74A2-34D4-A0ED-0B50AC1C2F5E}.Release|x64.Build.0 = Release|x64
		{776C6D31-62A2-321E-9C8C-23A2D463CE16}.Debug|x64.ActiveCfg = Debug|x64
		{776C6D31-62A2-321E-9C8C-23A2D463CE16}.Debug|x64.Build.0 = Debug|x64
		{776C6D31-62A2-321E-9C8C-23A2D463CE16}.Profile|x64.ActiveCfg = Profile|x64
		{776C6D31-62A2-321E-9C8C-23A2D463CE16}.Profile|x64.Build.0 = Profile|x64
		{776C6D31-62A2-321E-9C8C-23A2D463CE16}.Release|x64.ActiveCfg = Release|x64
		{776C6D31-62A2-321E-9C8C-23A2D463CE16}.Release|x64.Build.0 = Release|x64
		{6D38DA44-7492-3F21-BC5E-ED8270195251}.Debug|x64.ActiveCfg = Debug|x64
		{6D38DA44-7492-3F21-BC5E-ED8270195251}.Debug|x64.Build.0 = Debug|x64
		{6D38DA44-7492-3F21-BC5E-ED8270195251}.Profile|x64.ActiveCfg = Profile|x64
		{6D38DA44-7492-3F21-BC5E-ED8270195251}.Profile|x64.Build.0 = Profile|x64
		{6D38DA44-7492-3F21-BC5E-ED8270195251}.Release|x64.ActiveCfg = Release|x64
		{6D38DA44-7492-3F21-BC5E-ED8270195251}.Release|x64.Build.0 = Release|x64
		{DA5F0851-4A23-36F2-91C8-6DF08E826826}.Debug|x64.ActiveCfg = Debug|x64
		{DA5F0851-4A23-36F2-91C8-6DF08E826826}.Debug|x64.Build.0 = Debug|x64
		{DA5F0851-4A23-36F2-91C8-6DF08E826826}.Profile|x64.ActiveCfg = Profile|x64
		{DA5F0851-4A23-36F2-91C8-6DF08E826826}.Profile|x64.Build.0 = Profile|x64
		{DA5F0851-4A23-36F2-91C8-6DF08E826826}.Release|x64.ActiveCfg = Release|x64
		{DA5F0851-4A23-36F2-91C8-6DF08E826826}.Release|x64.Build.0 = Release|x64
	EndGlobalSection
	GlobalSection(ExtensibilityGlobals) = postSolution
		SolutionGuid = {78A43D9C-B3B8-3E1E-BC1E-79BCCE548059}
	EndGlobalSection
	GlobalSection(ExtensibilityAddIns) = postSolution
	EndGlobalSection
EndGlobal
