<?xml version="1.0" encoding="utf-8"?>
<Project ToolsVersion="16.0" xmlns="http://schemas.microsoft.com/developer/msbuild/2003">
  <ItemGroup>
    <CustomBuild Include="C:\Users\slim2\OneDrive\Desktop\Projects\ball_tapgame\ball_tapgame\build\windows\x64\CMakeFiles\a31816821e26afee6b1d4759aed78f3a\flutter_windows.dll.rule">
      <Filter>CMake Rules</Filter>
    </CustomBuild>
    <CustomBuild Include="C:\Users\slim2\OneDrive\Desktop\Projects\ball_tapgame\ball_tapgame\build\windows\x64\CMakeFiles\831d8ae5e0bc41f02ac4973050e21aa2\flutter_assemble.rule">
      <Filter>CMake Rules</Filter>
    </CustomBuild>
    <CustomBuild Include="C:\Users\slim2\OneDrive\Desktop\Projects\ball_tapgame\ball_tapgame\windows\flutter\CMakeLists.txt" />
  </ItemGroup>
  <ItemGroup>
    <None Include="C:\Users\slim2\OneDrive\Desktop\Projects\ball_tapgame\ball_tapgame\build\windows\x64\flutter\CMakeFiles\flutter_assemble" />
  </ItemGroup>
  <ItemGroup>
    <Filter Include="CMake Rules">
      <UniqueIdentifier>{2B4824D0-7DC8-31A0-999C-9A42251512BD}</UniqueIdentifier>
    </Filter>
  </ItemGroup>
</Project>
