<?xml version="1.0" encoding="utf-8"?>
<Project ToolsVersion="16.0" xmlns="http://schemas.microsoft.com/developer/msbuild/2003">
  <ItemGroup>
    <ClCompile Include="C:\Users\slim2\OneDrive\Desktop\Projects\ball_tapgame\ball_tapgame\windows\flutter\ephemeral\cpp_client_wrapper\core_implementations.cc">
      <Filter>Source Files</Filter>
    </ClCompile>
    <ClCompile Include="C:\Users\slim2\OneDrive\Desktop\Projects\ball_tapgame\ball_tapgame\windows\flutter\ephemeral\cpp_client_wrapper\standard_codec.cc">
      <Filter>Source Files</Filter>
    </ClCompile>
    <ClCompile Include="C:\Users\slim2\OneDrive\Desktop\Projects\ball_tapgame\ball_tapgame\windows\flutter\ephemeral\cpp_client_wrapper\flutter_engine.cc">
      <Filter>Source Files</Filter>
    </ClCompile>
    <ClCompile Include="C:\Users\slim2\OneDrive\Desktop\Projects\ball_tapgame\ball_tapgame\windows\flutter\ephemeral\cpp_client_wrapper\flutter_view_controller.cc">
      <Filter>Source Files</Filter>
    </ClCompile>
  </ItemGroup>
  <ItemGroup>
    <CustomBuild Include="C:\Users\slim2\OneDrive\Desktop\Projects\ball_tapgame\ball_tapgame\windows\flutter\CMakeLists.txt" />
  </ItemGroup>
  <ItemGroup>
    <Filter Include="CMake Rules">
      <UniqueIdentifier>{2B4824D0-7DC8-31A0-999C-9A42251512BD}</UniqueIdentifier>
    </Filter>
    <Filter Include="Source Files">
      <UniqueIdentifier>{6F09354E-630B-32CB-8A3E-D5FFE2D4594A}</UniqueIdentifier>
    </Filter>
  </ItemGroup>
</Project>
