<?xml version="1.0" encoding="utf-8"?>
<Project ToolsVersion="16.0" xmlns="http://schemas.microsoft.com/developer/msbuild/2003">
  <ItemGroup>
    <ClCompile Include="C:\Users\slim2\OneDrive\Desktop\Projects\boardgame\windows\flutter\ephemeral\cpp_client_wrapper\core_implementations.cc">
      <Filter>Source Files</Filter>
    </ClCompile>
    <ClCompile Include="C:\Users\slim2\OneDrive\Desktop\Projects\boardgame\windows\flutter\ephemeral\cpp_client_wrapper\standard_codec.cc">
      <Filter>Source Files</Filter>
    </ClCompile>
    <ClCompile Include="C:\Users\slim2\OneDrive\Desktop\Projects\boardgame\windows\flutter\ephemeral\cpp_client_wrapper\flutter_engine.cc">
      <Filter>Source Files</Filter>
    </ClCompile>
    <ClCompile Include="C:\Users\slim2\OneDrive\Desktop\Projects\boardgame\windows\flutter\ephemeral\cpp_client_wrapper\flutter_view_controller.cc">
      <Filter>Source Files</Filter>
    </ClCompile>
  </ItemGroup>
  <ItemGroup>
    <CustomBuild Include="C:\Users\slim2\OneDrive\Desktop\Projects\boardgame\windows\flutter\CMakeLists.txt" />
  </ItemGroup>
  <ItemGroup>
    <Filter Include="CMake Rules">
      <UniqueIdentifier>{B05E478F-43A8-3E96-A173-A83C1EED8E59}</UniqueIdentifier>
    </Filter>
    <Filter Include="Source Files">
      <UniqueIdentifier>{36706673-1B4C-30BD-AE02-DADB5B5C2910}</UniqueIdentifier>
    </Filter>
  </ItemGroup>
</Project>
